
Microsoft Visual Studio Solution File, Format Version 12.00
# Visual Studio Version 17
VisualStudioVersion = 17.3.32929.385
MinimumVisualStudioVersion = 10.0.40219.1
Project("{FAE04EC0-301F-11D3-BF4B-00C04F79EFBC}") = "BelajarASPNETMiddleware", "BelajarASPNETMiddleware\BelajarASPNETMiddleware.csproj", "{886B9F41-01BD-4035-9886-04836C4A139E}"
EndProject
Global
	GlobalSection(SolutionConfigurationPlatforms) = preSolution
		Debug|Any CPU = Debug|Any CPU
		Release|Any CPU = Release|Any CPU
	EndGlobalSection
	GlobalSection(ProjectConfigurationPlatforms) = postSolution
		{886B9F41-01BD-4035-9886-04836C4A139E}.Debug|Any CPU.ActiveCfg = Debug|Any CPU
		{886B9F41-01BD-4035-9886-04836C4A139E}.Debug|Any CPU.Build.0 = Debug|Any CPU
		{886B9F41-01BD-4035-9886-04836C4A139E}.Release|Any CPU.ActiveCfg = Release|Any CPU
		{886B9F41-01BD-4035-9886-04836C4A139E}.Release|Any CPU.Build.0 = Release|Any CPU
	EndGlobalSection
	GlobalSection(SolutionProperties) = preSolution
		HideSolutionNode = FALSE
	EndGlobalSection
	GlobalSection(ExtensibilityGlobals) = postSolution
		SolutionGuid = {332FBA07-E820-4601-AFB8-0A626437CA14}
	EndGlobalSection
EndGlobal
